
Microsoft Visual Studio Solution File, Format Version 12.00
# Visual Studio 15
VisualStudioVersion = 15.0.27130.2036
MinimumVisualStudioVersion = 10.0.40219.1
Project("{F184B08F-C81C-45F6-A57F-5ABD9991F28F}") = "WpfApp1", "WpfApp1\WpfApp1.vbproj", "{6BC53566-3EF2-42A4-99D7-846710DBD558}"
EndProject
Global
	GlobalSection(SolutionConfigurationPlatforms) = preSolution
		Debug|Any CPU = Debug|Any CPU
		Release|Any CPU = Release|Any CPU
	EndGlobalSection
	GlobalSection(ProjectConfigurationPlatforms) = postSolution
		{6BC53566-3EF2-42A4-99D7-846710DBD558}.Debug|Any CPU.ActiveCfg = Debug|Any CPU
		{6BC53566-3EF2-42A4-99D7-846710DBD558}.Debug|Any CPU.Build.0 = Debug|Any CPU
		{6BC53566-3EF2-42A4-99D7-846710DBD558}.Release|Any CPU.ActiveCfg = Release|Any CPU
		{6BC53566-3EF2-42A4-99D7-846710DBD558}.Release|Any CPU.Build.0 = Release|Any CPU
	EndGlobalSection
	GlobalSection(SolutionProperties) = preSolution
		HideSolutionNode = FALSE
	EndGlobalSection
	GlobalSection(ExtensibilityGlobals) = postSolution
		SolutionGuid = {8AB70E42-A0AB-4EAD-A145-DD2059546F2F}
	EndGlobalSection
EndGlobal
